
Microsoft Visual Studio Solution File, Format Version 12.00
# Visual Studio Version 17
VisualStudioVersion = 17.10.35013.160
MinimumVisualStudioVersion = 10.0.40219.1
Project("{00D1A9C2-B5F0-4AF3-8072-F6C62B433612}") = "HotelAppDB", "HotelAppDB\HotelAppDB.sqlproj", "{C96D17E5-1271-44C0-822B-87D3E5493562}"
EndProject
Project("{9A19103F-16F7-4668-BE54-9A1E7A4F7556}") = "HotelAppLibrary", "HotelAppLibrary\HotelAppLibrary.csproj", "{8EFD1AC0-F285-475E-8D04-0B738AAB6BC5}"
EndProject
Project("{9A19103F-16F7-4668-BE54-9A1E7A4F7556}") = "HotelApp.Web", "HotelApp.Web\HotelApp.Web.csproj", "{8B31E439-1D6D-4E64-81B1-6220CF93C394}"
EndProject
Project("{FAE04EC0-301F-11D3-BF4B-00C04F79EFBC}") = "HotelApp.Desktop", "HotelApp.Desktop\HotelApp.Desktop.csproj", "{CD91DD4C-C481-4214-9398-B542BDC2FB7A}"
EndProject
Global
	GlobalSection(SolutionConfigurationPlatforms) = preSolution
		Debug|Any CPU = Debug|Any CPU
		Release|Any CPU = Release|Any CPU
	EndGlobalSection
	GlobalSection(ProjectConfigurationPlatforms) = postSolution
		{C96D17E5-1271-44C0-822B-87D3E5493562}.Debug|Any CPU.ActiveCfg = Debug|Any CPU
		{C96D17E5-1271-44C0-822B-87D3E5493562}.Debug|Any CPU.Build.0 = Debug|Any CPU
		{C96D17E5-1271-44C0-822B-87D3E5493562}.Debug|Any CPU.Deploy.0 = Debug|Any CPU
		{C96D17E5-1271-44C0-822B-87D3E5493562}.Release|Any CPU.ActiveCfg = Release|Any CPU
		{C96D17E5-1271-44C0-822B-87D3E5493562}.Release|Any CPU.Build.0 = Release|Any CPU
		{C96D17E5-1271-44C0-822B-87D3E5493562}.Release|Any CPU.Deploy.0 = Release|Any CPU
		{8EFD1AC0-F285-475E-8D04-0B738AAB6BC5}.Debug|Any CPU.ActiveCfg = Debug|Any CPU
		{8EFD1AC0-F285-475E-8D04-0B738AAB6BC5}.Debug|Any CPU.Build.0 = Debug|Any CPU
		{8EFD1AC0-F285-475E-8D04-0B738AAB6BC5}.Release|Any CPU.ActiveCfg = Release|Any CPU
		{8EFD1AC0-F285-475E-8D04-0B738AAB6BC5}.Release|Any CPU.Build.0 = Release|Any CPU
		{8B31E439-1D6D-4E64-81B1-6220CF93C394}.Debug|Any CPU.ActiveCfg = Debug|Any CPU
		{8B31E439-1D6D-4E64-81B1-6220CF93C394}.Debug|Any CPU.Build.0 = Debug|Any CPU
		{8B31E439-1D6D-4E64-81B1-6220CF93C394}.Release|Any CPU.ActiveCfg = Release|Any CPU
		{8B31E439-1D6D-4E64-81B1-6220CF93C394}.Release|Any CPU.Build.0 = Release|Any CPU
		{CD91DD4C-C481-4214-9398-B542BDC2FB7A}.Debug|Any CPU.ActiveCfg = Debug|Any CPU
		{CD91DD4C-C481-4214-9398-B542BDC2FB7A}.Debug|Any CPU.Build.0 = Debug|Any CPU
		{CD91DD4C-C481-4214-9398-B542BDC2FB7A}.Release|Any CPU.ActiveCfg = Release|Any CPU
		{CD91DD4C-C481-4214-9398-B542BDC2FB7A}.Release|Any CPU.Build.0 = Release|Any CPU
	EndGlobalSection
	GlobalSection(SolutionProperties) = preSolution
		HideSolutionNode = FALSE
	EndGlobalSection
	GlobalSection(ExtensibilityGlobals) = postSolution
		SolutionGuid = {679F7AB8-D8E2-4A91-9A08-EA94A3E8B194}
	EndGlobalSection
EndGlobal
